
Microsoft Visual Studio Solution File, Format Version 12.00
# Visual Studio Version 17
VisualStudioVersion = 17.5.002.0
MinimumVisualStudioVersion = 10.0.40219.1
Project("{9A19103F-16F7-4668-BE54-9A1E7A4F7556}") = "MauiProject", "MauiProject.csproj", "{7EA31B30-888B-483C-B627-72A01BFDD9AD}"
EndProject
Global
	GlobalSection(SolutionConfigurationPlatforms) = preSolution
		Debug|Any CPU = Debug|Any CPU
		Release|Any CPU = Release|Any CPU
	EndGlobalSection
	GlobalSection(ProjectConfigurationPlatforms) = postSolution
		{7EA31B30-888B-483C-B627-72A01BFDD9AD}.Debug|Any CPU.ActiveCfg = Debug|Any CPU
		{7EA31B30-888B-483C-B627-72A01BFDD9AD}.Debug|Any CPU.Build.0 = Debug|Any CPU
		{7EA31B30-888B-483C-B627-72A01BFDD9AD}.Release|Any CPU.ActiveCfg = Release|Any CPU
		{7EA31B30-888B-483C-B627-72A01BFDD9AD}.Release|Any CPU.Build.0 = Release|Any CPU
	EndGlobalSection
	GlobalSection(SolutionProperties) = preSolution
		HideSolutionNode = FALSE
	EndGlobalSection
	GlobalSection(ExtensibilityGlobals) = postSolution
		SolutionGuid = {456F054C-CB46-4847-A06C-5EDBFE176CE7}
	EndGlobalSection
EndGlobal
